<?xml version="1.0" encoding="utf-8"?>
<Project ToolsVersion="4.0" xmlns="http://schemas.microsoft.com/developer/msbuild/2003">
  <ItemGroup>
    <Filter Include="Source Files">
      <UniqueIdentifier>{4FC737F1-C7A5-4376-A066-2A32D752A2FF}</UniqueIdentifier>
      <Extensions>cpp;c;cc;cxx;def;odl;idl;hpj;bat;asm;asmx</Extensions>
    </Filter>
    <Filter Include="Header Files">
      <UniqueIdentifier>{93995380-89BD-4b04-88EB-625FBE52EBFB}</UniqueIdentifier>
      <Extensions>h;hh;hpp;hxx;hm;inl;inc;xsd</Extensions>
    </Filter>
    <Filter Include="Resource Files">
      <UniqueIdentifier>{67DA6AB6-F800-4c08-8B7A-83BB121AAD01}</UniqueIdentifier>
      <Extensions>rc;ico;cur;bmp;dlg;rc2;rct;bin;rgs;gif;jpg;jpeg;jpe;resx;tiff;tif;png;wav;mfcribbon-ms</Extensions>
    </Filter>
    <Filter Include="experimental">
      <UniqueIdentifier>{cb9c7fe5-cd6c-4493-92b7-9ce0bdb3aedf}</UniqueIdentifier>
    </Filter>
    <Filter Include="extern">
      <UniqueIdentifier>{bf5078ac-135e-45aa-8eac-cfff514272fd}</UniqueIdentifier>
    </Filter>
  </ItemGroup>
  <ItemGroup>
    <ClInclude Include="..\BaseComponent.h">
      <Filter>Header Files</Filter>
    </ClInclude>
    <ClInclude Include="..\Camera.h">
      <Filter>Header Files</Filter>
    </ClInclude>
    <ClInclude Include="..\GraphicsComponent.h">
      <Filter>Header Files</Filter>
    </ClInclude>
    <ClInclude Include="..\inputclass.h">
      <Filter>Header Files</Filter>
    </ClInclude>
    <ClInclude Include="..\Matrix44f.h">
      <Filter>Header Files</Filter>
    </ClInclude>
    <ClInclude Include="..\pch.h">
      <Filter>Header Files</Filter>
    </ClInclude>
    <ClInclude Include="..\renderer.h">
      <Filter>Header Files</Filter>
    </ClInclude>
    <ClInclude Include="..\Scene.h">
      <Filter>Header Files</Filter>
    </ClInclude>
    <ClInclude Include="..\Shape.h">
      <Filter>Header Files</Filter>
    </ClInclude>
    <ClInclude Include="..\systemclass.h">
      <Filter>Header Files</Filter>
    </ClInclude>
    <ClInclude Include="..\Vector4f.h">
      <Filter>Header Files</Filter>
    </ClInclude>
    <ClInclude Include="..\TaskScheduler.h">
      <Filter>Header Files</Filter>
    </ClInclude>
    <ClInclude Include="..\ObjLoader.h">
      <Filter>Header Files</Filter>
    </ClInclude>
    <ClInclude Include="..\MaterialLoader.h">
      <Filter>Header Files</Filter>
    </ClInclude>
    <ClInclude Include="..\Vector2.h">
      <Filter>Header Files</Filter>
    </ClInclude>
    <ClInclude Include="..\Vector3.h">
      <Filter>Header Files</Filter>
    </ClInclude>
    <ClInclude Include="..\experimental\renderer1.h">
      <Filter>experimental</Filter>
    </ClInclude>
    <ClInclude Include="..\extern\fastcrc32\Crc32.h">
      <Filter>extern</Filter>
    </ClInclude>
    <ClInclude Include="..\Octahedron.h">
      <Filter>Header Files</Filter>
    </ClInclude>
    <ClInclude Include="..\Hemioctahedron.h">
      <Filter>Header Files</Filter>
    </ClInclude>
    <ClInclude Include="..\OctahedronVertex.h">
      <Filter>Header Files</Filter>
    </ClInclude>
    <ClInclude Include="..\GraphicsComponent.hpp">
      <Filter>Header Files</Filter>
    </ClInclude>
    <ClInclude Include="..\DebugDisplay.h">
      <Filter>Header Files</Filter>
    </ClInclude>
    <ClInclude Include="..\ImpostorBaker.h">
      <Filter>Header Files</Filter>
    </ClInclude>
    <ClInclude Include="..\computeShadersCommon.h">
      <Filter>Header Files</Filter>
    </ClInclude>
    <ClInclude Include="..\ImpostorRenderer.h">
      <Filter>Header Files</Filter>
    </ClInclude>
    <ClInclude Include="..\GPUCapturer.h">
      <Filter>Header Files</Filter>
    </ClInclude>
  </ItemGroup>
  <ItemGroup>
    <ClCompile Include="..\Camera.cpp">
      <Filter>Source Files</Filter>
    </ClCompile>
    <ClCompile Include="..\GraphicsComponent.cpp">
      <Filter>Source Files</Filter>
    </ClCompile>
    <ClCompile Include="..\inputclass.cpp">
      <Filter>Source Files</Filter>
    </ClCompile>
    <ClCompile Include="..\main.cpp">
      <Filter>Source Files</Filter>
    </ClCompile>
    <ClCompile Include="..\Matrix44f.cpp">
      <Filter>Source Files</Filter>
    </ClCompile>
    <ClCompile Include="..\pch.cpp">
      <Filter>Source Files</Filter>
    </ClCompile>
    <ClCompile Include="..\renderer.cpp">
      <Filter>Source Files</Filter>
    </ClCompile>
    <ClCompile Include="..\Scene.cpp">
      <Filter>Source Files</Filter>
    </ClCompile>
    <ClCompile Include="..\Shape.cpp">
      <Filter>Source Files</Filter>
    </ClCompile>
    <ClCompile Include="..\systemclass.cpp">
      <Filter>Source Files</Filter>
    </ClCompile>
    <ClCompile Include="..\Vector4f.cpp">
      <Filter>Source Files</Filter>
    </ClCompile>
    <ClCompile Include="..\TaskScheduler.cpp">
      <Filter>Source Files</Filter>
    </ClCompile>
    <ClCompile Include="..\ObjLoader.cpp">
      <Filter>Source Files</Filter>
    </ClCompile>
    <ClCompile Include="..\MaterialLoader.cpp">
      <Filter>Source Files</Filter>
    </ClCompile>
    <ClCompile Include="..\experimental\renderer1.cpp">
      <Filter>experimental</Filter>
    </ClCompile>
    <ClCompile Include="..\extern\fastcrc32\Crc32.cpp">
      <Filter>extern</Filter>
    </ClCompile>
    <ClCompile Include="..\Octahedron.cpp">
      <Filter>Source Files</Filter>
    </ClCompile>
    <ClCompile Include="..\Hemioctahedron.cpp">
      <Filter>Source Files</Filter>
    </ClCompile>
    <ClCompile Include="..\OctahedronVertex.cpp">
      <Filter>Source Files</Filter>
    </ClCompile>
    <ClCompile Include="..\DebugDisplay.cpp">
      <Filter>Source Files</Filter>
    </ClCompile>
    <ClCompile Include="..\ImpostorBaker.cpp">
      <Filter>Source Files</Filter>
    </ClCompile>
    <ClCompile Include="..\ImpostorRenderer.cpp">
      <Filter>Source Files</Filter>
    </ClCompile>
    <ClCompile Include="..\GPUCapturer.cpp">
      <Filter>Source Files</Filter>
    </ClCompile>
  </ItemGroup>
  <ItemGroup>
    <FxCompile Include="..\pixelShader.hlsl" />
    <FxCompile Include="..\vertexShader.hlsl" />
    <FxCompile Include="..\CubeInstancing_Vs.hlsl" />
    <FxCompile Include="..\SpaceshipVertexShader.hlsl" />
    <FxCompile Include="..\SpaceshipPixelShader.hlsl" />
    <FxCompile Include="..\debugdisplay3dbox.hlsl" />
    <FxCompile Include="..\impostorBakerVertexShader.hlsl" />
    <FxCompile Include="..\impostorMaskingCS.hlsl" />
    <FxCompile Include="..\dilate.hlsl" />
    <FxCompile Include="..\distanceAlpha.hlsl" />
    <FxCompile Include="..\maxDistance.hlsl" />
    <FxCompile Include="..\distanceAlphaFinalize.hlsl" />
    <FxCompile Include="..\impostorBakerPixelShader.hlsl" />
    <FxCompile Include="..\ImpostorRenderPS.hlsl" />
    <FxCompile Include="..\ImpostorRenderVS.hlsl" />
  </ItemGroup>
  <ItemGroup>
    <None Include="..\ImpostorShaderCommon.cginc" />
  </ItemGroup>
</Project>