<?xml version="1.0" encoding="utf-8"?>
<Project ToolsVersion="4.0" xmlns="http://schemas.microsoft.com/developer/msbuild/2003">
  <ItemGroup>
    <FxCompile Include="..\CubeInstancing_Vs.hlsl" />
    <FxCompile Include="..\pixelShader.hlsl" />
    <FxCompile Include="..\vertexShader.hlsl" />
  </ItemGroup>
  <ItemGroup>
    <ClCompile Include="..\Camera.cpp" />
    <ClCompile Include="..\GraphicsComponent.cpp" />
    <ClCompile Include="..\inputclass.cpp" />
    <ClCompile Include="..\main.cpp" />
    <ClCompile Include="..\Matrix44f.cpp" />
    <ClCompile Include="..\pch.cpp" />
    <ClCompile Include="..\renderer.cpp" />
    <ClCompile Include="..\renderer1.cpp" />
    <ClCompile Include="..\Scene.cpp" />
    <ClCompile Include="..\Shape.cpp" />
    <ClCompile Include="..\systemclass.cpp" />
    <ClCompile Include="..\TaskScheduler.cpp" />
    <ClCompile Include="..\Vector4f.cpp" />
    <ClCompile Include="..\ObjLoader.cpp" />
  </ItemGroup>
  <ItemGroup>
    <ClInclude Include="..\BaseComponent.h" />
    <ClInclude Include="..\Camera.h" />
    <ClInclude Include="..\common.h" />
    <ClInclude Include="..\GraphicsComponent.h" />
    <ClInclude Include="..\inputclass.h" />
    <ClInclude Include="..\Matrix44f.h" />
    <ClInclude Include="..\pch.h" />
    <ClInclude Include="..\renderer.h" />
    <ClInclude Include="..\renderer1.h" />
    <ClInclude Include="..\Scene.h" />
    <ClInclude Include="..\Shape.h" />
    <ClInclude Include="..\systemclass.h" />
    <ClInclude Include="..\TaskScheduler.h" />
    <ClInclude Include="..\Vector4f.h" />
    <ClInclude Include="..\ObjLoader.h" />
  </ItemGroup>
</Project>